{
    "_readme": [
        "This file locks the dependencies of your project to a known state",
        "Read more about it at https://getcomposer.org/doc/01-basic-usage.md#installing-dependencies",
        "This file is @generated automatically"
    ],
    "content-hash": "66bdff5b2b3753d601a6a0b6bf089c7b",
    "packages": [
        {
            "name": "graham-campbell/result-type",
            "version": "v1.1.0",
            "source": {
                "type": "git",
                "url": "https://github.com/GrahamCampbell/Result-Type.git",
                "reference": "a878d45c1914464426dc94da61c9e1d36ae262a8"
            },
            "dist": {
                "type": "zip",
                "url": "https://api.github.com/repos/GrahamCampbell/Result-Type/zipball/a878d45c1914464426dc94da61c9e1d36ae262a8",
                "reference": "a878d45c1914464426dc94da61c9e1d36ae262a8",
                "shasum": ""
            },
            "require": {
                "php": "^7.2.5 || ^8.0",
                "phpoption/phpoption": "^1.9"
            },
            "require-dev": {
                "phpunit/phpunit": "^8.5.28 || ^9.5.21"
            },
            "type": "library",
            "autoload": {
                "psr-4": {
                    "GrahamCampbell\\ResultType\\": "src/"
                }
            },
            "notification-url": "https://packagist.org/downloads/",
            "license": [
                "MIT"
            ],
            "authors": [
                {
                    "name": "Graham Campbell",
                    "email": "hello@gjcampbell.co.uk",
                    "homepage": "https://github.com/GrahamCampbell"
                }
            ],
            "description": "An Implementation Of The Result Type",
            "keywords": [
                "Graham Campbell",
                "GrahamCampbell",
                "Result Type",
                "Result-Type",
                "result"
            ],
            "support": {
                "issues": "https://github.com/GrahamCampbell/Result-Type/issues",
                "source": "https://github.com/GrahamCampbell/Result-Type/tree/v1.1.0"
            },
            "funding": [
                {
                    "url": "https://github.com/GrahamCampbell",
                    "type": "github"
                },
                {
                    "url": "https://tidelift.com/funding/github/packagist/graham-campbell/result-type",
                    "type": "tidelift"
                }
            ],
            "time": "2022-07-30T15:56:11+00:00"
        },
        {
            "name": "nxp/math-executor",
            "version": "v2.3.1",
            "source": {
                "type": "git",
                "url": "https://github.com/neonxp/MathExecutor.git",
                "reference": "a041bb58ad02db7905a5a23de372eb811ee66dd1"
            },
            "dist": {
                "type": "zip",
                "url": "https://api.github.com/repos/neonxp/MathExecutor/zipball/a041bb58ad02db7905a5a23de372eb811ee66dd1",
                "reference": "a041bb58ad02db7905a5a23de372eb811ee66dd1",
                "shasum": ""
            },
            "require": {
                "php": ">=7.4"
            },
            "require-dev": {
                "friendsofphp/php-cs-fixer": "^3.8",
                "phpunit/phpunit": ">=9.0"
            },
            "type": "library",
            "autoload": {
                "psr-4": {
                    "NXP\\": "src/NXP"
                }
            },
            "notification-url": "https://packagist.org/downloads/",
            "license": [
                "MIT"
            ],
            "authors": [
                {
                    "name": "Alexander 'NeonXP' Kiryukhin",
                    "email": "a.kiryukhin@mail.ru"
                },
                {
                    "name": "Bruce Wells",
                    "email": "brucekwells@gmail.com"
                }
            ],
            "description": "Simple math expressions calculator",
            "homepage": "http://github.com/NeonXP/MathExecutor",
            "keywords": [
                "calculator",
                "expression",
                "formula",
                "math",
                "mathmatics",
                "parser"
            ],
            "support": {
                "issues": "https://github.com/neonxp/MathExecutor/issues",
                "source": "https://github.com/neonxp/MathExecutor/tree/v2.3.1"
            },
            "time": "2022-08-04T12:18:48+00:00"
        },
        {
            "name": "phpoption/phpoption",
            "version": "1.9.0",
            "source": {
                "type": "git",
                "url": "https://github.com/schmittjoh/php-option.git",
                "reference": "dc5ff11e274a90cc1c743f66c9ad700ce50db9ab"
            },
            "dist": {
                "type": "zip",
                "url": "https://api.github.com/repos/schmittjoh/php-option/zipball/dc5ff11e274a90cc1c743f66c9ad700ce50db9ab",
                "reference": "dc5ff11e274a90cc1c743f66c9ad700ce50db9ab",
                "shasum": ""
            },
            "require": {
                "php": "^7.2.5 || ^8.0"
            },
            "require-dev": {
                "bamarni/composer-bin-plugin": "^1.8",
                "phpunit/phpunit": "^8.5.28 || ^9.5.21"
            },
            "type": "library",
            "extra": {
                "bamarni-bin": {
                    "bin-links": true,
                    "forward-command": true
                },
                "branch-alias": {
                    "dev-master": "1.9-dev"
                }
            },
            "autoload": {
                "psr-4": {
                    "PhpOption\\": "src/PhpOption/"
                }
            },
            "notification-url": "https://packagist.org/downloads/",
            "license": [
                "Apache-2.0"
            ],
            "authors": [
                {
                    "name": "Johannes M. Schmitt",
                    "email": "schmittjoh@gmail.com",
                    "homepage": "https://github.com/schmittjoh"
                },
                {
                    "name": "Graham Campbell",
                    "email": "hello@gjcampbell.co.uk",
                    "homepage": "https://github.com/GrahamCampbell"
                }
            ],
            "description": "Option Type for PHP",
            "keywords": [
                "language",
                "option",
                "php",
                "type"
            ],
            "support": {
                "issues": "https://github.com/schmittjoh/php-option/issues",
                "source": "https://github.com/schmittjoh/php-option/tree/1.9.0"
            },
            "funding": [
                {
                    "url": "https://github.com/GrahamCampbell",
                    "type": "github"
                },
                {
                    "url": "https://tidelift.com/funding/github/packagist/phpoption/phpoption",
                    "type": "tidelift"
                }
            ],
            "time": "2022-07-30T15:51:26+00:00"
        },
        {
            "name": "shahradelahi/easy-http",
            "version": "v1.2.0",
            "source": {
                "type": "git",
                "url": "https://github.com/shahradelahi/easy-http.git",
                "reference": "49e282d0a033aa5a36aec21c0cef875e64d2b36d"
            },
            "dist": {
                "type": "zip",
                "url": "https://api.github.com/repos/shahradelahi/easy-http/zipball/49e282d0a033aa5a36aec21c0cef875e64d2b36d",
                "reference": "49e282d0a033aa5a36aec21c0cef875e64d2b36d",
                "shasum": ""
            },
            "require": {
                "ext-curl": "*",
                "ext-json": "*",
                "ext-pcntl": "*",
                "php": ">=8.0"
            },
            "require-dev": {
                "phpunit/phpunit": "^9.5.20"
            },
            "type": "library",
            "autoload": {
                "psr-4": {
                    "EasyHttp\\": "src/"
                }
            },
            "notification-url": "https://packagist.org/downloads/",
            "license": [
                "MIT"
            ],
            "authors": [
                {
                    "name": "Shahrad Elahi",
                    "email": "shahrad@litehex.com",
                    "role": "developer"
                },
                {
                    "name": "Arthur Kushman",
                    "email": "arthurkushman@gmail.com",
                    "role": "advisor"
                }
            ],
            "description": "A Easy HTTP Client library for PHP",
            "homepage": "https://github.com/shahradelahi/easy-http",
            "keywords": [
                "client",
                "curl",
                "http",
                "php",
                "websoket"
            ],
            "support": {
                "issues": "https://github.com/shahradelahi/easy-http/issues",
                "source": "https://github.com/shahradelahi/easy-http"
            },
            "time": "2022-07-06T17:59:40+00:00"
        },
        {
            "name": "symfony/dotenv",
            "version": "v6.1.0",
            "source": {
                "type": "git",
                "url": "https://github.com/symfony/dotenv.git",
                "reference": "568c11bcedf419e7e61f663912c3547b54de51df"
            },
            "dist": {
                "type": "zip",
                "url": "https://api.github.com/repos/symfony/dotenv/zipball/568c11bcedf419e7e61f663912c3547b54de51df",
                "reference": "568c11bcedf419e7e61f663912c3547b54de51df",
                "shasum": ""
            },
            "require": {
                "php": ">=8.1"
            },
            "conflict": {
                "symfony/console": "<5.4"
            },
            "require-dev": {
                "symfony/console": "^5.4|^6.0",
                "symfony/process": "^5.4|^6.0"
            },
            "type": "library",
            "autoload": {
                "psr-4": {
                    "Symfony\\Component\\Dotenv\\": ""
                },
                "exclude-from-classmap": [
                    "/Tests/"
                ]
            },
            "notification-url": "https://packagist.org/downloads/",
            "license": [
                "MIT"
            ],
            "authors": [
                {
                    "name": "Fabien Potencier",
                    "email": "fabien@symfony.com"
                },
                {
                    "name": "Symfony Community",
                    "homepage": "https://symfony.com/contributors"
                }
            ],
            "description": "Registers environment variables from a .env file",
            "homepage": "https://symfony.com",
            "keywords": [
                "dotenv",
                "env",
                "environment"
            ],
            "support": {
                "source": "https://github.com/symfony/dotenv/tree/v6.1.0"
            },
            "funding": [
                {
                    "url": "https://symfony.com/sponsor",
                    "type": "custom"
                },
                {
                    "url": "https://github.com/fabpot",
                    "type": "github"
                },
                {
                    "url": "https://tidelift.com/funding/github/packagist/symfony/symfony",
                    "type": "tidelift"
                }
            ],
            "time": "2022-04-01T07:15:35+00:00"
        },
        {
            "name": "symfony/intl",
            "version": "v6.1.0",
            "source": {
                "type": "git",
                "url": "https://github.com/symfony/intl.git",
                "reference": "9fc07ba57eb33d44c6b3b86b4e1ef927620d1a39"
            },
            "dist": {
                "type": "zip",
                "url": "https://api.github.com/repos/symfony/intl/zipball/9fc07ba57eb33d44c6b3b86b4e1ef927620d1a39",
                "reference": "9fc07ba57eb33d44c6b3b86b4e1ef927620d1a39",
                "shasum": ""
            },
            "require": {
                "php": ">=8.1"
            },
            "require-dev": {
                "symfony/filesystem": "^5.4|^6.0"
            },
            "type": "library",
            "autoload": {
                "psr-4": {
                    "Symfony\\Component\\Intl\\": ""
                },
                "exclude-from-classmap": [
                    "/Tests/"
                ]
            },
            "notification-url": "https://packagist.org/downloads/",
            "license": [
                "MIT"
            ],
            "authors": [
                {
                    "name": "Bernhard Schussek",
                    "email": "bschussek@gmail.com"
                },
                {
                    "name": "Eriksen Costa",
                    "email": "eriksen.costa@infranology.com.br"
                },
                {
                    "name": "Igor Wiedler",
                    "email": "igor@wiedler.ch"
                },
                {
                    "name": "Symfony Community",
                    "homepage": "https://symfony.com/contributors"
                }
            ],
            "description": "Provides a PHP replacement layer for the C intl extension that includes additional data from the ICU library",
            "homepage": "https://symfony.com",
            "keywords": [
                "i18n",
                "icu",
                "internationalization",
                "intl",
                "l10n",
                "localization"
            ],
            "support": {
                "source": "https://github.com/symfony/intl/tree/v6.1.0"
            },
            "funding": [
                {
                    "url": "https://symfony.com/sponsor",
                    "type": "custom"
                },
                {
                    "url": "https://github.com/fabpot",
                    "type": "github"
                },
                {
                    "url": "https://tidelift.com/funding/github/packagist/symfony/symfony",
                    "type": "tidelift"
                }
            ],
            "time": "2022-04-12T16:22:53+00:00"
        },
        {
            "name": "symfony/mime",
            "version": "v6.1.4",
            "source": {
                "type": "git",
                "url": "https://github.com/symfony/mime.git",
                "reference": "5d1de2d3c52f8ca469c488f4b9e007e9e9cee0b3"
            },
            "dist": {
                "type": "zip",
                "url": "https://api.github.com/repos/symfony/mime/zipball/5d1de2d3c52f8ca469c488f4b9e007e9e9cee0b3",
                "reference": "5d1de2d3c52f8ca469c488f4b9e007e9e9cee0b3",
                "shasum": ""
            },
            "require": {
                "php": ">=8.1",
                "symfony/polyfill-intl-idn": "^1.10",
                "symfony/polyfill-mbstring": "^1.0"
            },
            "conflict": {
                "egulias/email-validator": "~3.0.0",
                "phpdocumentor/reflection-docblock": "<3.2.2",
                "phpdocumentor/type-resolver": "<1.4.0",
                "symfony/mailer": "<5.4"
            },
            "require-dev": {
                "egulias/email-validator": "^2.1.10|^3.1",
                "phpdocumentor/reflection-docblock": "^3.0|^4.0|^5.0",
                "symfony/dependency-injection": "^5.4|^6.0",
                "symfony/property-access": "^5.4|^6.0",
                "symfony/property-info": "^5.4|^6.0",
                "symfony/serializer": "^5.4|^6.0"
            },
            "type": "library",
            "autoload": {
                "psr-4": {
                    "Symfony\\Component\\Mime\\": ""
                },
                "exclude-from-classmap": [
                    "/Tests/"
                ]
            },
            "notification-url": "https://packagist.org/downloads/",
            "license": [
                "MIT"
            ],
            "authors": [
                {
                    "name": "Fabien Potencier",
                    "email": "fabien@symfony.com"
                },
                {
                    "name": "Symfony Community",
                    "homepage": "https://symfony.com/contributors"
                }
            ],
            "description": "Allows manipulating MIME messages",
            "homepage": "https://symfony.com",
            "keywords": [
                "mime",
                "mime-type"
            ],
            "support": {
                "source": "https://github.com/symfony/mime/tree/v6.1.4"
            },
            "funding": [
                {
                    "url": "https://symfony.com/sponsor",
                    "type": "custom"
                },
                {
                    "url": "https://github.com/fabpot",
                    "type": "github"
                },
                {
                    "url": "https://tidelift.com/funding/github/packagist/symfony/symfony",
                    "type": "tidelift"
                }
            ],
            "time": "2022-08-19T14:27:04+00:00"
        },
        {
            "name": "symfony/polyfill-ctype",
            "version": "v1.26.0",
            "source": {
                "type": "git",
                "url": "https://github.com/symfony/polyfill-ctype.git",
                "reference": "6fd1b9a79f6e3cf65f9e679b23af304cd9e010d4"
            },
            "dist": {
                "type": "zip",
                "url": "https://api.github.com/repos/symfony/polyfill-ctype/zipball/6fd1b9a79f6e3cf65f9e679b23af304cd9e010d4",
                "reference": "6fd1b9a79f6e3cf65f9e679b23af304cd9e010d4",
                "shasum": ""
            },
            "require": {
                "php": ">=7.1"
            },
            "provide": {
                "ext-ctype": "*"
            },
            "suggest": {
                "ext-ctype": "For best performance"
            },
            "type": "library",
            "extra": {
                "branch-alias": {
                    "dev-main": "1.26-dev"
                },
                "thanks": {
                    "name": "symfony/polyfill",
                    "url": "https://github.com/symfony/polyfill"
                }
            },
            "autoload": {
                "files": [
                    "bootstrap.php"
                ],
                "psr-4": {
                    "Symfony\\Polyfill\\Ctype\\": ""
                }
            },
            "notification-url": "https://packagist.org/downloads/",
            "license": [
                "MIT"
            ],
            "authors": [
                {
                    "name": "Gert de Pagter",
                    "email": "BackEndTea@gmail.com"
                },
                {
                    "name": "Symfony Community",
                    "homepage": "https://symfony.com/contributors"
                }
            ],
            "description": "Symfony polyfill for ctype functions",
            "homepage": "https://symfony.com",
            "keywords": [
                "compatibility",
                "ctype",
                "polyfill",
                "portable"
            ],
            "support": {
                "source": "https://github.com/symfony/polyfill-ctype/tree/v1.26.0"
            },
            "funding": [
                {
                    "url": "https://symfony.com/sponsor",
                    "type": "custom"
                },
                {
                    "url": "https://github.com/fabpot",
                    "type": "github"
                },
                {
                    "url": "https://tidelift.com/funding/github/packagist/symfony/symfony",
                    "type": "tidelift"
                }
            ],
            "time": "2022-05-24T11:49:31+00:00"
        },
        {
            "name": "symfony/polyfill-intl-idn",
            "version": "v1.26.0",
            "source": {
                "type": "git",
                "url": "https://github.com/symfony/polyfill-intl-idn.git",
                "reference": "59a8d271f00dd0e4c2e518104cc7963f655a1aa8"
            },
            "dist": {
                "type": "zip",
                "url": "https://api.github.com/repos/symfony/polyfill-intl-idn/zipball/59a8d271f00dd0e4c2e518104cc7963f655a1aa8",
                "reference": "59a8d271f00dd0e4c2e518104cc7963f655a1aa8",
                "shasum": ""
            },
            "require": {
                "php": ">=7.1",
                "symfony/polyfill-intl-normalizer": "^1.10",
                "symfony/polyfill-php72": "^1.10"
            },
            "suggest": {
                "ext-intl": "For best performance"
            },
            "type": "library",
            "extra": {
                "branch-alias": {
                    "dev-main": "1.26-dev"
                },
                "thanks": {
                    "name": "symfony/polyfill",
                    "url": "https://github.com/symfony/polyfill"
                }
            },
            "autoload": {
                "files": [
                    "bootstrap.php"
                ],
                "psr-4": {
                    "Symfony\\Polyfill\\Intl\\Idn\\": ""
                }
            },
            "notification-url": "https://packagist.org/downloads/",
            "license": [
                "MIT"
            ],
            "authors": [
                {
                    "name": "Laurent Bassin",
                    "email": "laurent@bassin.info"
                },
                {
                    "name": "Trevor Rowbotham",
                    "email": "trevor.rowbotham@pm.me"
                },
                {
                    "name": "Symfony Community",
                    "homepage": "https://symfony.com/contributors"
                }
            ],
            "description": "Symfony polyfill for intl's idn_to_ascii and idn_to_utf8 functions",
            "homepage": "https://symfony.com",
            "keywords": [
                "compatibility",
                "idn",
                "intl",
                "polyfill",
                "portable",
                "shim"
            ],
            "support": {
                "source": "https://github.com/symfony/polyfill-intl-idn/tree/v1.26.0"
            },
            "funding": [
                {
                    "url": "https://symfony.com/sponsor",
                    "type": "custom"
                },
                {
                    "url": "https://github.com/fabpot",
                    "type": "github"
                },
                {
                    "url": "https://tidelift.com/funding/github/packagist/symfony/symfony",
                    "type": "tidelift"
                }
            ],
            "time": "2022-05-24T11:49:31+00:00"
        },
        {
            "name": "symfony/polyfill-intl-normalizer",
            "version": "v1.26.0",
            "source": {
                "type": "git",
                "url": "https://github.com/symfony/polyfill-intl-normalizer.git",
                "reference": "219aa369ceff116e673852dce47c3a41794c14bd"
            },
            "dist": {
                "type": "zip",
                "url": "https://api.github.com/repos/symfony/polyfill-intl-normalizer/zipball/219aa369ceff116e673852dce47c3a41794c14bd",
                "reference": "219aa369ceff116e673852dce47c3a41794c14bd",
                "shasum": ""
            },
            "require": {
                "php": ">=7.1"
            },
            "suggest": {
                "ext-intl": "For best performance"
            },
            "type": "library",
            "extra": {
                "branch-alias": {
                    "dev-main": "1.26-dev"
                },
                "thanks": {
                    "name": "symfony/polyfill",
                    "url": "https://github.com/symfony/polyfill"
                }
            },
            "autoload": {
                "files": [
                    "bootstrap.php"
                ],
                "psr-4": {
                    "Symfony\\Polyfill\\Intl\\Normalizer\\": ""
                },
                "classmap": [
                    "Resources/stubs"
                ]
            },
            "notification-url": "https://packagist.org/downloads/",
            "license": [
                "MIT"
            ],
            "authors": [
                {
                    "name": "Nicolas Grekas",
                    "email": "p@tchwork.com"
                },
                {
                    "name": "Symfony Community",
                    "homepage": "https://symfony.com/contributors"
                }
            ],
            "description": "Symfony polyfill for intl's Normalizer class and related functions",
            "homepage": "https://symfony.com",
            "keywords": [
                "compatibility",
                "intl",
                "normalizer",
                "polyfill",
                "portable",
                "shim"
            ],
            "support": {
                "source": "https://github.com/symfony/polyfill-intl-normalizer/tree/v1.26.0"
            },
            "funding": [
                {
                    "url": "https://symfony.com/sponsor",
                    "type": "custom"
                },
                {
                    "url": "https://github.com/fabpot",
                    "type": "github"
                },
                {
                    "url": "https://tidelift.com/funding/github/packagist/symfony/symfony",
                    "type": "tidelift"
                }
            ],
            "time": "2022-05-24T11:49:31+00:00"
        },
        {
            "name": "symfony/polyfill-mbstring",
            "version": "v1.26.0",
            "source": {
                "type": "git",
                "url": "https://github.com/symfony/polyfill-mbstring.git",
                "reference": "9344f9cb97f3b19424af1a21a3b0e75b0a7d8d7e"
            },
            "dist": {
                "type": "zip",
                "url": "https://api.github.com/repos/symfony/polyfill-mbstring/zipball/9344f9cb97f3b19424af1a21a3b0e75b0a7d8d7e",
                "reference": "9344f9cb97f3b19424af1a21a3b0e75b0a7d8d7e",
                "shasum": ""
            },
            "require": {
                "php": ">=7.1"
            },
            "provide": {
                "ext-mbstring": "*"
            },
            "suggest": {
                "ext-mbstring": "For best performance"
            },
            "type": "library",
            "extra": {
                "branch-alias": {
                    "dev-main": "1.26-dev"
                },
                "thanks": {
                    "name": "symfony/polyfill",
                    "url": "https://github.com/symfony/polyfill"
                }
            },
            "autoload": {
                "files": [
                    "bootstrap.php"
                ],
                "psr-4": {
                    "Symfony\\Polyfill\\Mbstring\\": ""
                }
            },
            "notification-url": "https://packagist.org/downloads/",
            "license": [
                "MIT"
            ],
            "authors": [
                {
                    "name": "Nicolas Grekas",
                    "email": "p@tchwork.com"
                },
                {
                    "name": "Symfony Community",
                    "homepage": "https://symfony.com/contributors"
                }
            ],
            "description": "Symfony polyfill for the Mbstring extension",
            "homepage": "https://symfony.com",
            "keywords": [
                "compatibility",
                "mbstring",
                "polyfill",
                "portable",
                "shim"
            ],
            "support": {
                "source": "https://github.com/symfony/polyfill-mbstring/tree/v1.26.0"
            },
            "funding": [
                {
                    "url": "https://symfony.com/sponsor",
                    "type": "custom"
                },
                {
                    "url": "https://github.com/fabpot",
                    "type": "github"
                },
                {
                    "url": "https://tidelift.com/funding/github/packagist/symfony/symfony",
                    "type": "tidelift"
                }
            ],
            "time": "2022-05-24T11:49:31+00:00"
        },
        {
            "name": "symfony/polyfill-php72",
            "version": "v1.26.0",
            "source": {
                "type": "git",
                "url": "https://github.com/symfony/polyfill-php72.git",
                "reference": "bf44a9fd41feaac72b074de600314a93e2ae78e2"
            },
            "dist": {
                "type": "zip",
                "url": "https://api.github.com/repos/symfony/polyfill-php72/zipball/bf44a9fd41feaac72b074de600314a93e2ae78e2",
                "reference": "bf44a9fd41feaac72b074de600314a93e2ae78e2",
                "shasum": ""
            },
            "require": {
                "php": ">=7.1"
            },
            "type": "library",
            "extra": {
                "branch-alias": {
                    "dev-main": "1.26-dev"
                },
                "thanks": {
                    "name": "symfony/polyfill",
                    "url": "https://github.com/symfony/polyfill"
                }
            },
            "autoload": {
                "files": [
                    "bootstrap.php"
                ],
                "psr-4": {
                    "Symfony\\Polyfill\\Php72\\": ""
                }
            },
            "notification-url": "https://packagist.org/downloads/",
            "license": [
                "MIT"
            ],
            "authors": [
                {
                    "name": "Nicolas Grekas",
                    "email": "p@tchwork.com"
                },
                {
                    "name": "Symfony Community",
                    "homepage": "https://symfony.com/contributors"
                }
            ],
            "description": "Symfony polyfill backporting some PHP 7.2+ features to lower PHP versions",
            "homepage": "https://symfony.com",
            "keywords": [
                "compatibility",
                "polyfill",
                "portable",
                "shim"
            ],
            "support": {
                "source": "https://github.com/symfony/polyfill-php72/tree/v1.26.0"
            },
            "funding": [
                {
                    "url": "https://symfony.com/sponsor",
                    "type": "custom"
                },
                {
                    "url": "https://github.com/fabpot",
                    "type": "github"
                },
                {
                    "url": "https://tidelift.com/funding/github/packagist/symfony/symfony",
                    "type": "tidelift"
                }
            ],
            "time": "2022-05-24T11:49:31+00:00"
        },
        {
            "name": "symfony/polyfill-php80",
            "version": "v1.26.0",
            "source": {
                "type": "git",
                "url": "https://github.com/symfony/polyfill-php80.git",
                "reference": "cfa0ae98841b9e461207c13ab093d76b0fa7bace"
            },
            "dist": {
                "type": "zip",
                "url": "https://api.github.com/repos/symfony/polyfill-php80/zipball/cfa0ae98841b9e461207c13ab093d76b0fa7bace",
                "reference": "cfa0ae98841b9e461207c13ab093d76b0fa7bace",
                "shasum": ""
            },
            "require": {
                "php": ">=7.1"
            },
            "type": "library",
            "extra": {
                "branch-alias": {
                    "dev-main": "1.26-dev"
                },
                "thanks": {
                    "name": "symfony/polyfill",
                    "url": "https://github.com/symfony/polyfill"
                }
            },
            "autoload": {
                "files": [
                    "bootstrap.php"
                ],
                "psr-4": {
                    "Symfony\\Polyfill\\Php80\\": ""
                },
                "classmap": [
                    "Resources/stubs"
                ]
            },
            "notification-url": "https://packagist.org/downloads/",
            "license": [
                "MIT"
            ],
            "authors": [
                {
                    "name": "Ion Bazan",
                    "email": "ion.bazan@gmail.com"
                },
                {
                    "name": "Nicolas Grekas",
                    "email": "p@tchwork.com"
                },
                {
                    "name": "Symfony Community",
                    "homepage": "https://symfony.com/contributors"
                }
            ],
            "description": "Symfony polyfill backporting some PHP 8.0+ features to lower PHP versions",
            "homepage": "https://symfony.com",
            "keywords": [
                "compatibility",
                "polyfill",
                "portable",
                "shim"
            ],
            "support": {
                "source": "https://github.com/symfony/polyfill-php80/tree/v1.26.0"
            },
            "funding": [
                {
                    "url": "https://symfony.com/sponsor",
                    "type": "custom"
                },
                {
                    "url": "https://github.com/fabpot",
                    "type": "github"
                },
                {
                    "url": "https://tidelift.com/funding/github/packagist/symfony/symfony",
                    "type": "tidelift"
                }
            ],
            "time": "2022-05-10T07:21:04+00:00"
        },
        {
            "name": "telegram-bot-php/core",
            "version": "v1.0.1",
            "source": {
                "type": "git",
                "url": "https://github.com/telegram-bot-php/core.git",
                "reference": "d99ab188950007d43cbee67bd014b1e763eaf1a9"
            },
            "dist": {
                "type": "zip",
                "url": "https://api.github.com/repos/telegram-bot-php/core/zipball/d99ab188950007d43cbee67bd014b1e763eaf1a9",
                "reference": "d99ab188950007d43cbee67bd014b1e763eaf1a9",
                "shasum": ""
            },
            "require": {
                "ext-curl": "*",
                "ext-json": "*",
                "ext-mbstring": "*",
                "php": ">=8.0",
                "shahradelahi/easy-http": "^v1.2.0",
                "symfony/dotenv": "^v6.1.0"
            },
            "require-dev": {
                "phpunit/phpunit": "^9.5.20",
                "psr/log": "^1.1|^2.0|^3.0"
            },
            "type": "library",
            "autoload": {
                "psr-4": {
                    "TelegramBot\\": "src/"
                }
            },
            "notification-url": "https://packagist.org/downloads/",
            "license": [
                "MIT"
            ],
            "authors": [
                {
                    "name": "Shahrad Elahi",
                    "email": "shahrad@litehex.com",
                    "role": "developer"
                }
            ],
            "description": "A PHP library that makes using Telegram Bot API much easier.",
            "homepage": "https://github.com/telegram-bot-php/core",
            "keywords": [
                "bot",
                "core",
                "php",
                "telegram"
            ],
            "support": {
                "issues": "https://github.com/telegram-bot-php/core/issues",
                "source": "https://github.com/telegram-bot-php/core"
            },
            "time": "2022-09-13T14:46:57+00:00"
        },
        {
            "name": "utilities-php/auth",
            "version": "dev-master",
            "source": {
                "type": "git",
                "url": "https://github.com/utilities-php/auth.git",
                "reference": "3d95e2ab045e666e710ff4847b5b74b26573fa78"
            },
            "dist": {
                "type": "zip",
                "url": "https://api.github.com/repos/utilities-php/auth/zipball/3d95e2ab045e666e710ff4847b5b74b26573fa78",
                "reference": "3d95e2ab045e666e710ff4847b5b74b26573fa78",
                "shasum": ""
            },
            "require": {
                "ext-fileinfo": "*",
                "ext-openssl": "*",
                "ext-pcntl": "*",
                "nxp/math-executor": "^2.3.0",
                "php": ">=8.0",
                "shahradelahi/easy-http": "^v1.2.0"
            },
            "default-branch": true,
            "type": "library",
            "autoload": {
                "psr-4": {
                    "Utilities\\Auth\\": "src/"
                }
            },
            "notification-url": "https://packagist.org/downloads/",
            "license": [
                "MIT"
            ],
            "description": "Coroutine based authentication library for PHP",
            "homepage": "https://github.com/utilities-php/utilities-php",
            "keywords": [
                "auth",
                "php",
                "utilities"
            ],
            "support": {
                "docs": "https://github.com/utilities-php/utilities-php",
                "issues": "https://github.com/utilities-php/utilities-php/issues",
                "source": "https://github.com/utilities-php/utilities-php"
            },
            "time": "2022-09-20T13:20:41+00:00"
        },
        {
            "name": "utilities-php/common",
            "version": "dev-master",
            "source": {
                "type": "git",
                "url": "https://github.com/utilities-php/common.git",
                "reference": "111ccf7487e011e5222a03c4ef9f0365e4e58d8e"
            },
            "dist": {
                "type": "zip",
                "url": "https://api.github.com/repos/utilities-php/common/zipball/111ccf7487e011e5222a03c4ef9f0365e4e58d8e",
                "reference": "111ccf7487e011e5222a03c4ef9f0365e4e58d8e",
                "shasum": ""
            },
            "require": {
                "ext-fileinfo": "*",
                "ext-openssl": "*",
                "ext-pcntl": "*",
                "nxp/math-executor": "^2.3.0",
                "php": ">=8.0",
                "shahradelahi/easy-http": "^v1.2.0",
                "utilities-php/validator": "*",
                "vlucas/phpdotenv": "^v5.4.1"
            },
            "default-branch": true,
            "type": "library",
            "autoload": {
                "psr-4": {
                    "Utilities\\Common\\": "src/"
                }
            },
            "notification-url": "https://packagist.org/downloads/",
            "license": [
                "MIT"
            ],
            "authors": [
                {
                    "name": "LiteHex",
                    "email": "opensource@litehex.com"
                },
                {
                    "name": "Shahrad Elahi",
                    "email": "shahrad@litehex.com"
                }
            ],
            "description": "A common set of utilities for PHP",
            "homepage": "https://github.com/utilities-php/utilities-php",
            "keywords": [
                "common",
                "php",
                "utilities"
            ],
            "support": {
                "docs": "https://github.com/utilities-php/utilities-php",
                "issues": "https://github.com/utilities-php/utilities-php/issues",
                "source": "https://github.com/utilities-php/utilities-php"
            },
            "time": "2022-09-24T14:44:29+00:00"
        },
        {
            "name": "utilities-php/routing",
            "version": "dev-master",
            "source": {
                "type": "git",
                "url": "https://github.com/utilities-php/routing.git",
                "reference": "99032dfb2a431bbea6ac84a0397fc04e321e7cae"
            },
            "dist": {
                "type": "zip",
                "url": "https://api.github.com/repos/utilities-php/routing/zipball/99032dfb2a431bbea6ac84a0397fc04e321e7cae",
                "reference": "99032dfb2a431bbea6ac84a0397fc04e321e7cae",
                "shasum": ""
            },
            "require": {
                "ext-fileinfo": "*",
                "php": ">=8.0",
                "symfony/mime": "^v6.0.12",
                "utilities-php/auth": "*",
                "utilities-php/common": "*"
            },
            "default-branch": true,
            "type": "library",
            "autoload": {
                "psr-4": {
                    "Utilities\\Routing\\": "src/"
                }
            },
            "notification-url": "https://packagist.org/downloads/",
            "license": [
                "MIT"
            ],
            "authors": [
                {
                    "name": "LiteHex",
                    "email": "opensource@litehex.com"
                },
                {
                    "name": "Shahrad Elahi",
                    "email": "shahrad@litehex.com"
                }
            ],
            "description": "Router for PHP",
            "homepage": "https://github.com/utilities-php/utilities-php",
            "keywords": [
                "php",
                "routing",
                "utilities"
            ],
            "support": {
                "docs": "https://github.com/utilities-php/utilities-php",
                "issues": "https://github.com/utilities-php/utilities-php/issues",
                "source": "https://github.com/utilities-php/utilities-php"
            },
            "time": "2022-09-21T08:23:20+00:00"
        },
        {
            "name": "utilities-php/validator",
            "version": "dev-master",
            "source": {
                "type": "git",
                "url": "https://github.com/utilities-php/validator.git",
                "reference": "ef79c1399d78bc328a6d8ccff32531fdf26c8cf6"
            },
            "dist": {
                "type": "zip",
                "url": "https://api.github.com/repos/utilities-php/validator/zipball/ef79c1399d78bc328a6d8ccff32531fdf26c8cf6",
                "reference": "ef79c1399d78bc328a6d8ccff32531fdf26c8cf6",
                "shasum": ""
            },
            "require": {
                "php": "^8.0",
                "symfony/intl": "^v6.1.0",
                "utilities-php/common": "*"
            },
            "require-dev": {
                "fakerphp/faker": "^v1.20.0",
                "utilities-php/database": "*"
            },
            "suggest": {
                "fakerphp/faker": "Required to use the eloquent factory builder (^1.20.0).",
                "symfony/intl": "Required to use the eloquent factory builder (^v6.1.0)."
            },
            "default-branch": true,
            "type": "library",
            "autoload": {
                "files": [
                    "helper.php"
                ],
                "psr-4": {
                    "Utilities\\Validator\\": "src/"
                }
            },
            "notification-url": "https://packagist.org/downloads/",
            "license": [
                "MIT"
            ],
            "authors": [
                {
                    "name": "LiteHex",
                    "email": "opensource@litehex.com"
                },
                {
                    "name": "Shahrad Elahi",
                    "email": "shahrad@litehex.com"
                }
            ],
            "description": "Validator utility for PHP",
            "homepage": "https://github.com/utilities-php/utilities-php",
            "keywords": [
                "php",
                "utilities",
                "validator"
            ],
            "support": {
                "docs": "https://github.com/utilities-php/utilities-php",
                "issues": "https://github.com/utilities-php/utilities-php/issues",
                "source": "https://github.com/utilities-php/utilities-php"
            },
            "time": "2022-09-26T17:51:12+00:00"
        },
        {
            "name": "vlucas/phpdotenv",
            "version": "v5.4.1",
            "source": {
                "type": "git",
                "url": "https://github.com/vlucas/phpdotenv.git",
                "reference": "264dce589e7ce37a7ba99cb901eed8249fbec92f"
            },
            "dist": {
                "type": "zip",
                "url": "https://api.github.com/repos/vlucas/phpdotenv/zipball/264dce589e7ce37a7ba99cb901eed8249fbec92f",
                "reference": "264dce589e7ce37a7ba99cb901eed8249fbec92f",
                "shasum": ""
            },
            "require": {
                "ext-pcre": "*",
                "graham-campbell/result-type": "^1.0.2",
                "php": "^7.1.3 || ^8.0",
                "phpoption/phpoption": "^1.8",
                "symfony/polyfill-ctype": "^1.23",
                "symfony/polyfill-mbstring": "^1.23.1",
                "symfony/polyfill-php80": "^1.23.1"
            },
            "require-dev": {
                "bamarni/composer-bin-plugin": "^1.4.1",
                "ext-filter": "*",
                "phpunit/phpunit": "^7.5.20 || ^8.5.21 || ^9.5.10"
            },
            "suggest": {
                "ext-filter": "Required to use the boolean validator."
            },
            "type": "library",
            "extra": {
                "branch-alias": {
                    "dev-master": "5.4-dev"
                }
            },
            "autoload": {
                "psr-4": {
                    "Dotenv\\": "src/"
                }
            },
            "notification-url": "https://packagist.org/downloads/",
            "license": [
                "BSD-3-Clause"
            ],
            "authors": [
                {
                    "name": "Graham Campbell",
                    "email": "hello@gjcampbell.co.uk",
                    "homepage": "https://github.com/GrahamCampbell"
                },
                {
                    "name": "Vance Lucas",
                    "email": "vance@vancelucas.com",
                    "homepage": "https://github.com/vlucas"
                }
            ],
            "description": "Loads environment variables from `.env` to `getenv()`, `$_ENV` and `$_SERVER` automagically.",
            "keywords": [
                "dotenv",
                "env",
                "environment"
            ],
            "support": {
                "issues": "https://github.com/vlucas/phpdotenv/issues",
                "source": "https://github.com/vlucas/phpdotenv/tree/v5.4.1"
            },
            "funding": [
                {
                    "url": "https://github.com/GrahamCampbell",
                    "type": "github"
                },
                {
                    "url": "https://tidelift.com/funding/github/packagist/vlucas/phpdotenv",
                    "type": "tidelift"
                }
            ],
            "time": "2021-12-12T23:22:04+00:00"
        }
    ],
    "packages-dev": [],
    "aliases": [],
    "minimum-stability": "dev",
    "stability-flags": {
        "utilities-php/routing": 20
    },
    "prefer-stable": true,
    "prefer-lowest": false,
    "platform": {
        "php": ">=8.0"
    },
    "platform-dev": [],
    "plugin-api-version": "2.2.0"
}
